Microsoft Visual Studio Solution File, Format Version 12.00
# Visual Studio Version 17
VisualStudioVersion = 17.5.2.0
MinimumVisualStudioVersion = 10.0.40219.1
Project("{FAE04EC0-301F-11D3-BF4B-00C04F79EFBC}") = "EfTest", "EfTest\EfTest.csproj", "{FDA21582-7DA9-EA83-E582-D997E0813226}"
EndProject
Global
	GlobalSection(SolutionConfigurationPlatforms) = preSolution
		Debug|Any CPU = Debug|Any CPU
		Release|Any CPU = Release|Any CPU
	EndGlobalSection
	GlobalSection(ProjectConfigurationPlatforms) = postSolution
		{FDA21582-7DA9-EA83-E582-D997E0813226}.Debug|Any CPU.ActiveCfg = Debug|Any CPU
		{FDA21582-7DA9-EA83-E582-D997E0813226}.Debug|Any CPU.Build.0 = Debug|Any CPU
		{FDA21582-7DA9-EA83-E582-D997E0813226}.Release|Any CPU.ActiveCfg = Release|Any CPU
		{FDA21582-7DA9-EA83-E582-D997E0813226}.Release|Any CPU.Build.0 = Release|Any CPU
	EndGlobalSection
	GlobalSection(SolutionProperties) = preSolution
		HideSolutionNode = FALSE
	EndGlobalSection
	GlobalSection(ExtensibilityGlobals) = postSolution
		SolutionGuid = {92BA8847-2A7B-4033-8EA9-2FE9EB26F683}
	EndGlobalSection
EndGlobal
